
Microsoft Visual Studio Solution File, Format Version 12.00
# Visual Studio Version 17
VisualStudioVersion = 17.6.33829.357
MinimumVisualStudioVersion = 10.0.40219.1
Project("{778DAE3C-4631-46EA-AA77-85C1314464D9}") = "StardewMUI 2023", "StardewMUI 2023\StardewMUI 2023.vbproj", "{E7C1AE66-6234-4E6E-9D5D-497FA15532CB}"
EndProject
Project("{2150E333-8FDC-42A3-9474-1A3956D46DE8}") = "Solution Items", "Solution Items", "{5D9A4157-8580-448A-9F53-4BEFFBE62C31}"
	ProjectSection(SolutionItems) = preProject
		.editorconfig = .editorconfig
	EndProjectSection
EndProject
Project("{778DAE3C-4631-46EA-AA77-85C1314464D9}") = "SMUI6.DLC1.CustomInputExtension", "DLC\SMUI6.DLC1.CustomInputExtension\SMUI6.DLC1.CustomInputExtension.vbproj", "{C0679DE4-C825-4367-9E6A-1A77FFDF88CC}"
EndProject
Project("{778DAE3C-4631-46EA-AA77-85C1314464D9}") = "SMUI6.DLC3.NewItemExtension", "DLC\SMUI6.DLC3.NewItemExtension\SMUI6.DLC3.NewItemExtension.vbproj", "{701C7508-9D21-4C18-A20C-CC2EBAD325D3}"
EndProject
Project("{778DAE3C-4631-46EA-AA77-85C1314464D9}") = "SMUI6.DLC4.CheckUpdatesExtension", "DLC\SMUI6.DLC4.CheckUpdatesExtension\SMUI6.DLC4.CheckUpdatesExtension.vbproj", "{7E771A2F-4C22-4D90-B492-830F20819380}"
EndProject
Project("{778DAE3C-4631-46EA-AA77-85C1314464D9}") = "SMUI6.DLC6.UpdateModItemExtension", "DLC\SMUI6.DLC6.UpdateModItemExtension\SMUI6.DLC6.UpdateModItemExtension.vbproj", "{709C984A-C0E6-4804-84A3-0C27565A4A25}"
EndProject
Project("{778DAE3C-4631-46EA-AA77-85C1314464D9}") = "SMUI6.SeasonPass2023", "DLC\SMUI6.SeasonPass2023\SMUI6.SeasonPass2023.vbproj", "{BE4C0FD5-4630-4CF7-9C92-3CB7BF755904}"
EndProject
Project("{778DAE3C-4631-46EA-AA77-85C1314464D9}") = "SMUI6.EasyStartExperience", "DLC\SMUI6.EasyStartExperience\SMUI6.EasyStartExperience.vbproj", "{375B14EF-3094-415E-9A9D-5CF40AADDF63}"
EndProject
Project("{F184B08F-C81C-45F6-A57F-5ABD9991F28F}") = "SMUI6.SeasonPass2024", "DLC\SMUI6.SeasonPass2024\SMUI6.SeasonPass2024.vbproj", "{D6C4680D-CC06-4C6E-A3E5-E89055F1530D}"
EndProject
Global
	GlobalSection(SolutionConfigurationPlatforms) = preSolution
		Debug|Any CPU = Debug|Any CPU
		Release|Any CPU = Release|Any CPU
	EndGlobalSection
	GlobalSection(ProjectConfigurationPlatforms) = postSolution
		{E7C1AE66-6234-4E6E-9D5D-497FA15532CB}.Debug|Any CPU.ActiveCfg = Debug|Any CPU
		{E7C1AE66-6234-4E6E-9D5D-497FA15532CB}.Debug|Any CPU.Build.0 = Debug|Any CPU
		{E7C1AE66-6234-4E6E-9D5D-497FA15532CB}.Release|Any CPU.ActiveCfg = Release|Any CPU
		{E7C1AE66-6234-4E6E-9D5D-497FA15532CB}.Release|Any CPU.Build.0 = Release|Any CPU
		{C0679DE4-C825-4367-9E6A-1A77FFDF88CC}.Debug|Any CPU.ActiveCfg = Debug|Any CPU
		{C0679DE4-C825-4367-9E6A-1A77FFDF88CC}.Debug|Any CPU.Build.0 = Debug|Any CPU
		{C0679DE4-C825-4367-9E6A-1A77FFDF88CC}.Release|Any CPU.ActiveCfg = Release|Any CPU
		{C0679DE4-C825-4367-9E6A-1A77FFDF88CC}.Release|Any CPU.Build.0 = Release|Any CPU
		{701C7508-9D21-4C18-A20C-CC2EBAD325D3}.Debug|Any CPU.ActiveCfg = Debug|Any CPU
		{701C7508-9D21-4C18-A20C-CC2EBAD325D3}.Debug|Any CPU.Build.0 = Debug|Any CPU
		{701C7508-9D21-4C18-A20C-CC2EBAD325D3}.Release|Any CPU.ActiveCfg = Release|Any CPU
		{701C7508-9D21-4C18-A20C-CC2EBAD325D3}.Release|Any CPU.Build.0 = Release|Any CPU
		{7E771A2F-4C22-4D90-B492-830F20819380}.Debug|Any CPU.ActiveCfg = Debug|Any CPU
		{7E771A2F-4C22-4D90-B492-830F20819380}.Debug|Any CPU.Build.0 = Debug|Any CPU
		{7E771A2F-4C22-4D90-B492-830F20819380}.Release|Any CPU.ActiveCfg = Release|Any CPU
		{7E771A2F-4C22-4D90-B492-830F20819380}.Release|Any CPU.Build.0 = Release|Any CPU
		{709C984A-C0E6-4804-84A3-0C27565A4A25}.Debug|Any CPU.ActiveCfg = Debug|Any CPU
		{709C984A-C0E6-4804-84A3-0C27565A4A25}.Debug|Any CPU.Build.0 = Debug|Any CPU
		{709C984A-C0E6-4804-84A3-0C27565A4A25}.Release|Any CPU.ActiveCfg = Release|Any CPU
		{709C984A-C0E6-4804-84A3-0C27565A4A25}.Release|Any CPU.Build.0 = Release|Any CPU
		{BE4C0FD5-4630-4CF7-9C92-3CB7BF755904}.Debug|Any CPU.ActiveCfg = Debug|Any CPU
		{BE4C0FD5-4630-4CF7-9C92-3CB7BF755904}.Debug|Any CPU.Build.0 = Debug|Any CPU
		{BE4C0FD5-4630-4CF7-9C92-3CB7BF755904}.Release|Any CPU.ActiveCfg = Release|Any CPU
		{BE4C0FD5-4630-4CF7-9C92-3CB7BF755904}.Release|Any CPU.Build.0 = Release|Any CPU
		{375B14EF-3094-415E-9A9D-5CF40AADDF63}.Debug|Any CPU.ActiveCfg = Debug|Any CPU
		{375B14EF-3094-415E-9A9D-5CF40AADDF63}.Debug|Any CPU.Build.0 = Debug|Any CPU
		{375B14EF-3094-415E-9A9D-5CF40AADDF63}.Release|Any CPU.ActiveCfg = Release|Any CPU
		{375B14EF-3094-415E-9A9D-5CF40AADDF63}.Release|Any CPU.Build.0 = Release|Any CPU
		{D6C4680D-CC06-4C6E-A3E5-E89055F1530D}.Debug|Any CPU.ActiveCfg = Debug|Any CPU
		{D6C4680D-CC06-4C6E-A3E5-E89055F1530D}.Debug|Any CPU.Build.0 = Debug|Any CPU
		{D6C4680D-CC06-4C6E-A3E5-E89055F1530D}.Release|Any CPU.ActiveCfg = Release|Any CPU
		{D6C4680D-CC06-4C6E-A3E5-E89055F1530D}.Release|Any CPU.Build.0 = Release|Any CPU
	EndGlobalSection
	GlobalSection(SolutionProperties) = preSolution
		HideSolutionNode = FALSE
	EndGlobalSection
	GlobalSection(ExtensibilityGlobals) = postSolution
		SolutionGuid = {5E8639F4-CA3C-46A9-8F99-DB018A15F95B}
	EndGlobalSection
EndGlobal
